
Microsoft Visual Studio Solution File, Format Version 12.00
# Visual Studio Version 16
VisualStudioVersion = 16.0.30907.101
MinimumVisualStudioVersion = 10.0.40219.1
Project("{00D1A9C2-B5F0-4AF3-8072-F6C62B433612}") = "Wasteless", "Wasteless\Wasteless.sqlproj", "{BDE30269-74B0-478A-AAC5-9F9B67D01E84}"
EndProject
Global
	GlobalSection(SolutionConfigurationPlatforms) = preSolution
		Debug|Any CPU = Debug|Any CPU
		Release|Any CPU = Release|Any CPU
	EndGlobalSection
	GlobalSection(ProjectConfigurationPlatforms) = postSolution
		{BDE30269-74B0-478A-AAC5-9F9B67D01E84}.Debug|Any CPU.ActiveCfg = Debug|Any CPU
		{BDE30269-74B0-478A-AAC5-9F9B67D01E84}.Debug|Any CPU.Build.0 = Debug|Any CPU
		{BDE30269-74B0-478A-AAC5-9F9B67D01E84}.Debug|Any CPU.Deploy.0 = Debug|Any CPU
		{BDE30269-74B0-478A-AAC5-9F9B67D01E84}.Release|Any CPU.ActiveCfg = Release|Any CPU
		{BDE30269-74B0-478A-AAC5-9F9B67D01E84}.Release|Any CPU.Build.0 = Release|Any CPU
		{BDE30269-74B0-478A-AAC5-9F9B67D01E84}.Release|Any CPU.Deploy.0 = Release|Any CPU
	EndGlobalSection
	GlobalSection(SolutionProperties) = preSolution
		HideSolutionNode = FALSE
	EndGlobalSection
	GlobalSection(ExtensibilityGlobals) = postSolution
		SolutionGuid = {6BABD620-82FB-49E7-A02D-CD38E096EBE2}
	EndGlobalSection
EndGlobal
